
Microsoft Visual Studio Solution File, Format Version 12.00
# Visual Studio Version 17
VisualStudioVersion = 17.5.2.0
MinimumVisualStudioVersion = 10.0.40219.1
Project("{2150E333-8FDC-42A3-9474-1A3956D46DE8}") = "src", "src", "{827E0CD3-B72D-47B6-A68D-7590B98EB39B}"
EndProject
Project("{FAE04EC0-301F-11D3-BF4B-00C04F79EFBC}") = "PulseDesk.Api", "src\PulseDesk.Api\PulseDesk.Api.csproj", "{B9A01D73-4689-4A80-B9FE-E9DDCC856031}"
EndProject
Project("{FAE04EC0-301F-11D3-BF4B-00C04F79EFBC}") = "PulseDesk.Application", "src\PulseDesk.Application\PulseDesk.Application.csproj", "{AB8CE1FF-4EEA-4A2E-ADE1-74CAA0E4049E}"
EndProject
Project("{FAE04EC0-301F-11D3-BF4B-00C04F79EFBC}") = "PulseDesk.Domain", "src\PulseDesk.Domain\PulseDesk.Domain.csproj", "{71E572CB-2A49-4954-AE3B-EA087385E043}"
EndProject
Project("{FAE04EC0-301F-11D3-BF4B-00C04F79EFBC}") = "PulseDesk.Infrastructure", "src\PulseDesk.Infrastructure\PulseDesk.Infrastructure.csproj", "{3B548822-276C-4BFE-897F-92E04D83A02E}"
EndProject
Global
	GlobalSection(SolutionConfigurationPlatforms) = preSolution
		Debug|Any CPU = Debug|Any CPU
		Debug|x64 = Debug|x64
		Debug|x86 = Debug|x86
		Release|Any CPU = Release|Any CPU
		Release|x64 = Release|x64
		Release|x86 = Release|x86
	EndGlobalSection
	GlobalSection(ProjectConfigurationPlatforms) = postSolution
		{B9A01D73-4689-4A80-B9FE-E9DDCC856031}.Debug|Any CPU.ActiveCfg = Debug|Any CPU
		{B9A01D73-4689-4A80-B9FE-E9DDCC856031}.Debug|Any CPU.Build.0 = Debug|Any CPU
		{B9A01D73-4689-4A80-B9FE-E9DDCC856031}.Debug|x64.ActiveCfg = Debug|Any CPU
		{B9A01D73-4689-4A80-B9FE-E9DDCC856031}.Debug|x64.Build.0 = Debug|Any CPU
		{B9A01D73-4689-4A80-B9FE-E9DDCC856031}.Debug|x86.ActiveCfg = Debug|Any CPU
		{B9A01D73-4689-4A80-B9FE-E9DDCC856031}.Debug|x86.Build.0 = Debug|Any CPU
		{B9A01D73-4689-4A80-B9FE-E9DDCC856031}.Release|Any CPU.ActiveCfg = Release|Any CPU
		{B9A01D73-4689-4A80-B9FE-E9DDCC856031}.Release|Any CPU.Build.0 = Release|Any CPU
		{B9A01D73-4689-4A80-B9FE-E9DDCC856031}.Release|x64.ActiveCfg = Release|Any CPU
		{B9A01D73-4689-4A80-B9FE-E9DDCC856031}.Release|x64.Build.0 = Release|Any CPU
		{B9A01D73-4689-4A80-B9FE-E9DDCC856031}.Release|x86.ActiveCfg = Release|Any CPU
		{B9A01D73-4689-4A80-B9FE-E9DDCC856031}.Release|x86.Build.0 = Release|Any CPU
		{AB8CE1FF-4EEA-4A2E-ADE1-74CAA0E4049E}.Debug|Any CPU.ActiveCfg = Debug|Any CPU
		{AB8CE1FF-4EEA-4A2E-ADE1-74CAA0E4049E}.Debug|Any CPU.Build.0 = Debug|Any CPU
		{AB8CE1FF-4EEA-4A2E-ADE1-74CAA0E4049E}.Debug|x64.ActiveCfg = Debug|Any CPU
		{AB8CE1FF-4EEA-4A2E-ADE1-74CAA0E4049E}.Debug|x64.Build.0 = Debug|Any CPU
		{AB8CE1FF-4EEA-4A2E-ADE1-74CAA0E4049E}.Debug|x86.ActiveCfg = Debug|Any CPU
		{AB8CE1FF-4EEA-4A2E-ADE1-74CAA0E4049E}.Debug|x86.Build.0 = Debug|Any CPU
		{AB8CE1FF-4EEA-4A2E-ADE1-74CAA0E4049E}.Release|Any CPU.ActiveCfg = Release|Any CPU
		{AB8CE1FF-4EEA-4A2E-ADE1-74CAA0E4049E}.Release|Any CPU.Build.0 = Release|Any CPU
		{AB8CE1FF-4EEA-4A2E-ADE1-74CAA0E4049E}.Release|x64.ActiveCfg = Release|Any CPU
		{AB8CE1FF-4EEA-4A2E-ADE1-74CAA0E4049E}.Release|x64.Build.0 = Release|Any CPU
		{AB8CE1FF-4EEA-4A2E-ADE1-74CAA0E4049E}.Release|x86.ActiveCfg = Release|Any CPU
		{AB8CE1FF-4EEA-4A2E-ADE1-74CAA0E4049E}.Release|x86.Build.0 = Release|Any CPU
		{71E572CB-2A49-4954-AE3B-EA087385E043}.Debug|Any CPU.ActiveCfg = Debug|Any CPU
		{71E572CB-2A49-4954-AE3B-EA087385E043}.Debug|Any CPU.Build.0 = Debug|Any CPU
		{71E572CB-2A49-4954-AE3B-EA087385E043}.Debug|x64.ActiveCfg = Debug|Any CPU
		{71E572CB-2A49-4954-AE3B-EA087385E043}.Debug|x64.Build.0 = Debug|Any CPU
		{71E572CB-2A49-4954-AE3B-EA087385E043}.Debug|x86.ActiveCfg = Debug|Any CPU
		{71E572CB-2A49-4954-AE3B-EA087385E043}.Debug|x86.Build.0 = Debug|Any CPU
		{71E572CB-2A49-4954-AE3B-EA087385E043}.Release|Any CPU.ActiveCfg = Release|Any CPU
		{71E572CB-2A49-4954-AE3B-EA087385E043}.Release|Any CPU.Build.0 = Release|Any CPU
		{71E572CB-2A49-4954-AE3B-EA087385E043}.Release|x64.ActiveCfg = Release|Any CPU
		{71E572CB-2A49-4954-AE3B-EA087385E043}.Release|x64.Build.0 = Release|Any CPU
		{71E572CB-2A49-4954-AE3B-EA087385E043}.Release|x86.ActiveCfg = Release|Any CPU
		{71E572CB-2A49-4954-AE3B-EA087385E043}.Release|x86.Build.0 = Release|Any CPU
		{3B548822-276C-4BFE-897F-92E04D83A02E}.Debug|Any CPU.ActiveCfg = Debug|Any CPU
		{3B548822-276C-4BFE-897F-92E04D83A02E}.Debug|Any CPU.Build.0 = Debug|Any CPU
		{3B548822-276C-4BFE-897F-92E04D83A02E}.Debug|x64.ActiveCfg = Debug|Any CPU
		{3B548822-276C-4BFE-897F-92E04D83A02E}.Debug|x64.Build.0 = Debug|Any CPU
		{3B548822-276C-4BFE-897F-92E04D83A02E}.Debug|x86.ActiveCfg = Debug|Any CPU
		{3B548822-276C-4BFE-897F-92E04D83A02E}.Debug|x86.Build.0 = Debug|Any CPU
		{3B548822-276C-4BFE-897F-92E04D83A02E}.Release|Any CPU.ActiveCfg = Release|Any CPU
		{3B548822-276C-4BFE-897F-92E04D83A02E}.Release|Any CPU.Build.0 = Release|Any CPU
		{3B548822-276C-4BFE-897F-92E04D83A02E}.Release|x64.ActiveCfg = Release|Any CPU
		{3B548822-276C-4BFE-897F-92E04D83A02E}.Release|x64.Build.0 = Release|Any CPU
		{3B548822-276C-4BFE-897F-92E04D83A02E}.Release|x86.ActiveCfg = Release|Any CPU
		{3B548822-276C-4BFE-897F-92E04D83A02E}.Release|x86.Build.0 = Release|Any CPU
	EndGlobalSection
	GlobalSection(SolutionProperties) = preSolution
		HideSolutionNode = FALSE
	EndGlobalSection
	GlobalSection(NestedProjects) = preSolution
		{B9A01D73-4689-4A80-B9FE-E9DDCC856031} = {827E0CD3-B72D-47B6-A68D-7590B98EB39B}
		{AB8CE1FF-4EEA-4A2E-ADE1-74CAA0E4049E} = {827E0CD3-B72D-47B6-A68D-7590B98EB39B}
		{71E572CB-2A49-4954-AE3B-EA087385E043} = {827E0CD3-B72D-47B6-A68D-7590B98EB39B}
		{3B548822-276C-4BFE-897F-92E04D83A02E} = {827E0CD3-B72D-47B6-A68D-7590B98EB39B}
	EndGlobalSection
	GlobalSection(ExtensibilityGlobals) = postSolution
		SolutionGuid = {C164CDA1-FB89-4382-8B3B-E5E91DBD9EB0}
	EndGlobalSection
EndGlobal
